
Microsoft Visual Studio Solution File, Format Version 12.00
# Visual Studio Version 17
VisualStudioVersion = 17.4.33205.214
MinimumVisualStudioVersion = 10.0.40219.1
Project("{6EC3EE1D-3C4E-46DD-8F32-0CC8E7565705}") = "build", "build.fsproj", "{67250BF2-2865-43DF-B8C5-BD985F8042E6}"
EndProject
Global
	GlobalSection(SolutionConfigurationPlatforms) = preSolution
		Debug|Any CPU = Debug|Any CPU
		Release|Any CPU = Release|Any CPU
	EndGlobalSection
	GlobalSection(ProjectConfigurationPlatforms) = postSolution
		{67250BF2-2865-43DF-B8C5-BD985F8042E6}.Debug|Any CPU.ActiveCfg = Debug|Any CPU
		{67250BF2-2865-43DF-B8C5-BD985F8042E6}.Debug|Any CPU.Build.0 = Debug|Any CPU
		{67250BF2-2865-43DF-B8C5-BD985F8042E6}.Release|Any CPU.ActiveCfg = Release|Any CPU
		{67250BF2-2865-43DF-B8C5-BD985F8042E6}.Release|Any CPU.Build.0 = Release|Any CPU
	EndGlobalSection
	GlobalSection(SolutionProperties) = preSolution
		HideSolutionNode = FALSE
	EndGlobalSection
	GlobalSection(ExtensibilityGlobals) = postSolution
		SolutionGuid = {99859D9C-2EE5-4CE7-A143-F390D87C6F81}
	EndGlobalSection
EndGlobal
